Microsoft Visual Studio Solution File, Format Version 12.00
# Visual Studio Version 17
VisualStudioVersion = 17.5.2.0
MinimumVisualStudioVersion = 10.0.40219.1
Project("{2150E333-8FDC-42A3-9474-1A3956D46DE8}") = "backend", "backend", "{1AE8ACA6-933B-BF2A-3671-3E2EAC007D16}"
EndProject
Project("{FAE04EC0-301F-11D3-BF4B-00C04F79EFBC}") = "JwstDataAnalysis.API", "backend\JwstDataAnalysis.API\JwstDataAnalysis.API.csproj", "{76955344-4F35-2A6F-B4A8-3EA5BFD6EF2D}"
EndProject
Global
	GlobalSection(SolutionConfigurationPlatforms) = preSolution
		Debug|Any CPU = Debug|Any CPU
		Release|Any CPU = Release|Any CPU
	EndGlobalSection
	GlobalSection(ProjectConfigurationPlatforms) = postSolution
		{76955344-4F35-2A6F-B4A8-3EA5BFD6EF2D}.Debug|Any CPU.ActiveCfg = Debug|Any CPU
		{76955344-4F35-2A6F-B4A8-3EA5BFD6EF2D}.Debug|Any CPU.Build.0 = Debug|Any CPU
		{76955344-4F35-2A6F-B4A8-3EA5BFD6EF2D}.Release|Any CPU.ActiveCfg = Release|Any CPU
		{76955344-4F35-2A6F-B4A8-3EA5BFD6EF2D}.Release|Any CPU.Build.0 = Release|Any CPU
	EndGlobalSection
	GlobalSection(SolutionProperties) = preSolution
		HideSolutionNode = FALSE
	EndGlobalSection
	GlobalSection(NestedProjects) = preSolution
		{76955344-4F35-2A6F-B4A8-3EA5BFD6EF2D} = {1AE8ACA6-933B-BF2A-3671-3E2EAC007D16}
	EndGlobalSection
	GlobalSection(ExtensibilityGlobals) = postSolution
		SolutionGuid = {7899AF8F-D0F2-44A1-A87E-40F76C7A1EF1}
	EndGlobalSection
EndGlobal
